{
    "_meta": {
        "hash": {
            "sha256": "2075b0103e0cdeaa3956310e8c72f83dbd63361c395e14ea8799fdda0e8c07ad"
        },
        "pipfile-spec": 6,
        "requires": {},
        "sources": [
            {
                "name": "pypi",
                "url": "https://pypi.org/simple",
                "verify_ssl": true
            }
        ]
    },
    "default": {
        "altgraph": {
            "hashes": [
                "sha256:c87b395dd12fabde9c99573a9749d67da8d29ef9de0125c7f536699b4a9bc9e7",
                "sha256:f3a22400bce1b0c701683820ac4f3b159cd301acab067c51c653e06961600597"
            ],
            "version": "==0.17.5"
        },
        "packaging": {
            "hashes": [
                "sha256:5fc45236b9446107ff2415ce77c807cee2862cb6fac22b8a73826d0693b0980e",
                "sha256:ff452ff5a3e828ce110190feff1178bb1f2ea2281fa2075aadb987c2fb221661"
            ],
            "markers": "python_version >= '3.8'",
            "version": "==26.2"
        },
        "pefile": {
            "hashes": [
                "sha256:3ff6c5d8b43e8c37bb6e6dd5085658d658a7a0bdcd20b6a07b1fcfc1c4e9d632",
                "sha256:76f8b485dcd3b1bb8166f1128d395fa3d87af26360c2358fb75b80019b957c6f"
            ],
            "markers": "python_full_version >= '3.6.0'",
            "version": "==2024.8.26"
        },
        "pyinstaller": {
            "hashes": [
                "sha256:327d132389f37912609e01be62810cf96b5aa95b613903e4b8692e0d12fb0eda",
                "sha256:42395ec76df8e8120c36b13339d9db8cab83e316a12839ee303cc00fc941bb74",
                "sha256:4e3108b3f02384560da70e39b8bf22b0ad597d02bd68a40d76ea91c1cfa00cad",
                "sha256:5fa56746c1e76f93634d018502301378a2d0c382553d37d8c3c34ff436c12dd1",
                "sha256:605169523a6b5ace39f13dfbff21add9f2bc43df99c7daf9394fefb2c45e8b6f",
                "sha256:697532279f535ad572bda613db4f821540e235c7854ca6da4d3bf0373f4415ee",
                "sha256:6b6374d652107dd4a2eeece903ff82bb4045bb5e1006c5a158a6dcdbefe84bf2",
                "sha256:7071d4b094d5b40deeef5fa3d3b98a1b846087f7562b49209663d5f9281fe251",
                "sha256:7fae06c494ce0ebfe6bd3055c0e409def884f63af2e3705d06bd431ad9237fc7",
                "sha256:bb9fab705983e393a2d1cac77d6972513057ad800215fd861dc15ff5272e98fd",
                "sha256:c6b28d30d8fd99ce162ff3aab5013ed44dbfb747566b1f01b9bed7964d7c14e9",
                "sha256:f13c95c9c03fb567217135919f93815c305813126780b0ed6e0123cb8acaf025"
            ],
            "index": "pypi",
            "markers": "python_version < '3.16' and python_version >= '3.8'",
            "version": "==6.21.0"
        },
        "pyinstaller-hooks-contrib": {
            "hashes": [
                "sha256:bef5002c32f4f50bd55b005da12cff64eca8783e7eaf86a06a62410164bab725",
                "sha256:fd13b8ac126b35361175edacd41a0d97080b75dd5f4b594ecefefff969509dd3"
            ],
            "markers": "python_version >= '3.8'",
            "version": "==2026.6"
        },
        "pyside6": {
            "hashes": [
                "sha256:0968877ab1fb4ef3587a284da6fe05e8647ada56a6a3750b6395188e01f4aba6",
                "sha256:537682c3b7530817203e667c1f5a2f00486b37bf52c52eeab438544c7a0917f6",
                "sha256:75f0005c3eb95c07cfb65522ec50d0815ac007a96482c21dc3cb4b4c04895d84",
                "sha256:acee467cb5f256cc47ebb9d815a054c1d8416da380c191b247a76d164aa3f805",
                "sha256:b1fc521ba2bb5109425ab8add06bddbdd524abcad06cfa012cc39a22a189feb2"
            ],
            "index": "pypi",
            "markers": "python_version >= '3.10' and python_version < '3.15'",
            "version": "==6.11.1"
        },
        "pyside6-addons": {
            "hashes": [
                "sha256:0d13c4dfd671b050a48e4f8d8ddc724b7248f9c0437e7fc47fdf316278572923",
                "sha256:3494f480dee92f415be2f2d989c0b3f4755ac332b28045cbf4ba0f5c5a22ba37",
                "sha256:54733c77f789bef5f03c6aff4ad3bec8b2eff021f0cfcbc53d5e6c250ded24f9",
                "sha256:8e6c65fbd73a512d6f72cda8d8277444a85a34dc99dd1dae9c21d35b8671bb1f",
                "sha256:bf1c6c4e954e5eba3d2a7c661ad4b9689e8f09c7f4a16bdf29713371d11af993"
            ],
            "markers": "python_version >= '3.10' and python_version < '3.15'",
            "version": "==6.11.1"
        },
        "pyside6-essentials": {
            "hashes": [
                "sha256:11253ea52aabecefe9febddbbe78b43a824129e3af1cec98431028fba7fa954f",
                "sha256:228de53c2bc26b07e5021fbe3614fc44ca08e4dab9999af08c2b389d2c239957",
                "sha256:63311bd48e32c584599ab04b9ef7c324082374cd2c9fa533f978fb893bb47e40",
                "sha256:a039b6da68a3a4b9d243217b2b98d475eed3f617159ef6be925badab53c11b0d",
                "sha256:e3ef7027b41e4e55fadb56e3b3257dc8ee92154b639fe67fc4c8e05e9d976c60"
            ],
            "markers": "python_version >= '3.10' and python_version < '3.15'",
            "version": "==6.11.1"
        },
        "pywin32-ctypes": {
            "hashes": [
                "sha256:8a1513379d709975552d202d942d9837758905c8d01eb82b8bcc30918929e7b8",
                "sha256:d162dc04946d704503b2edc4d55f3dba5c1d539ead017afa00142c38b9885755"
            ],
            "markers": "python_version >= '3.6'",
            "version": "==0.2.3"
        },
        "qtmodernredux6": {
            "hashes": [
                "sha256:1c871f69177004c897d2a08dde9b38c723dbcf4efbc252e810489d80dcf78e39",
                "sha256:ccd44e7081d338534f95bb5988694ee9df77eb91b892aadc24759e6bbe438fb6"
            ],
            "index": "pypi",
            "markers": "python_full_version >= '3.9.4'",
            "version": "==0.9.15"
        },
        "qtpy": {
            "hashes": [
                "sha256:72095afe13673e017946cc258b8d5da43314197b741ed2890e563cf384b51aa1",
                "sha256:db744f7832e6d3da90568ba6ccbca3ee2b3b4a890c3d6fbbc63142f6e4cdf5bb"
            ],
            "index": "pypi",
            "markers": "python_version >= '3.7'",
            "version": "==2.4.3"
        },
        "setuptools": {
            "hashes": [
                "sha256:7d872682c5d01cfde07da7bccc7b65469d3dca203318515ada1de5eda35efbf9",
                "sha256:a59e362652f08dcd477c78bb6e7bd9d80a7995bc73ce773050228a348ce2e5bb"
            ],
            "index": "pypi",
            "markers": "python_version >= '3.9'",
            "version": "==82.0.1"
        },
        "shiboken6": {
            "hashes": [
                "sha256:1a16867f103ef1c662a5f09dfed03273a9f81688b174555162c58e83650a3f02",
                "sha256:1bd2f4314414df2d122d9f646e03b731bc6d6b5f77a5f53f99a4fe4e97d84e6f",
                "sha256:7c8d9af17db4495d4fa5b1c393f218311c4855546b9dfa6a0bd21bcd66b55e9d",
                "sha256:9a8bccfafc8805254cabcfa1edfaf55cd52889f4998c91ad0d9a4433fb1bcdbe",
                "sha256:c2c6863aa80ec18c0f82cea3417837b279cdc60024ac17123461dc9042577df7"
            ],
            "markers": "python_version >= '3.10' and python_version < '3.15'",
            "version": "==6.11.1"
        },
        "wheel": {
            "hashes": [
                "sha256:212281cab4dff978f6cedd499cd893e1f620791ca6ff7107cf270781e587eced",
                "sha256:cc72bd1009ba0cf63922e28f94d9d83b920aa2bb28f798a31d0691b02fa3c9b3"
            ],
            "index": "pypi",
            "markers": "python_version >= '3.9'",
            "version": "==0.47.0"
        }
    },
    "develop": {}
}
