{
    "_meta": {
        "hash": {
            "sha256": "b0e240b90d47cbf6be6788b0dc9e512045367a526396f5e1e64f5449f2c446e1"
        },
        "pipfile-spec": 6,
        "requires": {},
        "sources": [
            {
                "name": "pypi",
                "url": "https://pypi.org/simple",
                "verify_ssl": true
            }
        ]
    },
    "default": {
        "altgraph": {
            "hashes": [
                "sha256:1b5afbb98f6c4dcadb2e2ae6ab9fa994bbb8c1d75f4fa96d340f9437ae454406",
                "sha256:642743b4750de17e655e6711601b077bc6598dbfa3ba5fa2b2a35ce12b508dff"
            ],
            "version": "==0.17.4"
        },
        "future": {
            "hashes": [
                "sha256:b1bead90b70cf6ec3f0710ae53a525360fa360d306a86583adc6bf83a4db537d"
            ],
            "version": "==0.18.2"
        },
        "pefile": {
            "hashes": [
                "sha256:a5d6e8305c6b210849b47a6174ddf9c452b2888340b8177874b862ba6c207645"
            ],
            "version": "==2019.4.18"
        },
        "pyinstaller": {
            "hashes": [
                "sha256:086e68aa1e72f6aa13b9d170a395755e2b194b8ab410caeed02d16b432410c8c",
                "sha256:2519db3edec87d8c33924c2c4b7e176d8c1bbd9ba892d77efb67281925e621d6",
                "sha256:29341d2e86d5ce7df993e797ee96ef679041fc85376d31c35c7b714085a21299",
                "sha256:3c9cfe6d5d2f392d5d47389f6d377a8f225db460cdd01048b5a3de1d99c24ebe",
                "sha256:5d801db3ceee58d01337473ea897e96e4bb21421a169dd7cf8716754617ff7fc",
                "sha256:78d1601a11475b95dceff6eaf0c9cd74d93e3f47b5ce4ad63cd76e7a369d3d04",
                "sha256:a2e7a1d76a7ac26f1db849d691a374f2048b0e204233028d25d79a90ecd1fec8",
                "sha256:aa609aca62edd8cdcf7740677a21525e6c23b5e9a8f821ec8a80c68947771b5d",
                "sha256:ad6e31a8f35a463c6140e4cf979859197edc9831a1039253408b0fe5eec274dc",
                "sha256:b70ebc10811b30bbea4cf5b81fd1477db992c2614cf215edc987cda9c5468911",
                "sha256:b8d4000af72bf72f8185d420cd0a0aee0961f03a5c3511dc3ff08cdaef0583de",
                "sha256:e033218c8922f0342b6095fb444ecb3bc6747dfa58cac5eac2b985350f4b681e"
            ],
            "index": "pypi",
            "markers": "python_version < '3.13' and python_version >= '3.7'",
            "version": "==5.13.1"
        },
        "pyinstaller-hooks-contrib": {
            "hashes": [
                "sha256:4b4a998036abb713774cb26534ca06b7e6e09e4c628196017a10deb11a48747f",
                "sha256:6dc1786a8f452941245d5bb85893e2a33632ebdcbc4c23eea41f2ee08281b0c0"
            ],
            "markers": "python_version >= '3.7'",
            "version": "==2023.10"
        },
        "pyside2": {
            "hashes": [
                "sha256:36cfcbcab02b580d51c710b3014ee91e5b88f518e296b9a3784f331525450cac",
                "sha256:5b0cf7f0a9cb8fb11881b8615c7d979f5d02bdab6c3f428bf40956537c87071c",
                "sha256:a6e6f7862c3232c755285eb8b2769f34ebdd678576a63ad3a63f52e60af67147",
                "sha256:a9918f00ad7dbe96342dd82de503e927006f3049c76fb708a0e9106b62fa26b2",
                "sha256:e1a03c1f98665b513f5b339d19dbe5e3b9df441e89adf52871f2fd708b9fee08",
                "sha256:e2f5d41b8b306ab42d90c430f731eaf1f5de85beb8483ca84bc29f33620dcbb0"
            ],
            "index": "pypi",
            "version": "==5.14.1"
        },
        "pywin32-ctypes": {
            "hashes": [
                "sha256:24ffc3b341d457d48e8922352130cf2644024a4ff09762a2261fd34c36ee5942",
                "sha256:9dc2d991b3479cc2df15930958b674a48a227d5361d413827a4cfd0b5876fc98"
            ],
            "version": "==0.2.0"
        },
        "qt-py": {
            "hashes": [
                "sha256:c0798759d160fba1fc312a591a3275231d745987429ca515dd286b50b5445450"
            ],
            "index": "pypi",
            "version": "==1.2.4"
        },
        "qtmodern": {
            "hashes": [
                "sha256:57e62617656494a9d8a27ac3bd51ae3ae61a265f43b92d6f6ea59dc8bed2179d",
                "sha256:d433a54fbb400d49790aff65d35f203de2a8cc67795ac5bb04c5e766433fafae"
            ],
            "index": "pypi",
            "version": "==0.2.0"
        },
        "qtpy": {
            "hashes": [
                "sha256:2db72c44b55d0fe1407be8fba35c838ad0d6d3bb81f23007886dc1fc0f459c8d",
                "sha256:fa0b8363b363e89b2a6f49eddc162a04c0699ae95e109a6be3bb145a913190ea"
            ],
            "version": "==1.9.0"
        },
        "setuptools": {
            "hashes": [
                "sha256:1e8fdff6797d3865f37397be788a4e3cba233608e9b509382a2777d25ebde7f2",
                "sha256:735896e78a4742605974de002ac60562d286fa8051a7e2299445e8e8fbb01aa6"
            ],
            "index": "pypi",
            "markers": "python_version >= '3.8'",
            "version": "==69.0.2"
        },
        "shiboken2": {
            "hashes": [
                "sha256:124b1d8dd6ea67138f08086343a4631c4ebd9f461bb8cb0c04d812ad15d03b36",
                "sha256:90a3361c64b56a2029ebf7f09bdc0c7cad4d2a3020700a1dce725db8a334703c",
                "sha256:b046f810f2409b734621972ee6bff1eac76e87f08ab0638010d99a1b79f72842",
                "sha256:bf47fabc87356e49f74152baece11777b0e176edfc0665bf13a7f199d83c94b6",
                "sha256:da8ee5fc65e41b542bf50eec2db57e707255d09c460cce62c0ff12a63e3bd2c6",
                "sha256:f6f119353d4861dee3f28962a80830ca3bf68509f0c89a9d779cd3cb90702091"
            ],
            "version": "==5.14.1"
        },
        "wheel": {
            "hashes": [
                "sha256:8788e9155fe14f54164c1b9eb0a319d98ef02c160725587ad60f14ddc57b6f96",
                "sha256:df277cb51e61359aba502208d680f90c0493adec6f0e848af94948778aed386e"
            ],
            "index": "pypi",
            "version": "==0.34.2"
        }
    },
    "develop": {}
}
